
Microsoft Visual Studio Solution File, Format Version 12.00
# Visual Studio Version 17
VisualStudioVersion = 17.1.32228.430
MinimumVisualStudioVersion = 10.0.40219.1
Project("{9A19103F-16F7-4668-BE54-9A1E7A4F7556}") = "Lab1", "ProgramowanieObiektowe\Lab1.csproj", "{9EAAFA3A-FF7A-4B1D-97B1-DD9802C7521A}"
EndProject
Project("{9A19103F-16F7-4668-BE54-9A1E7A4F7556}") = "Lab2", "Lab2\Lab2.csproj", "{4CF2D61C-1686-44C0-953C-87BF370DC6AA}"
EndProject
Project("{9A19103F-16F7-4668-BE54-9A1E7A4F7556}") = "Lab3", "Lab3\Lab3.csproj", "{04412F8B-C234-4EC5-A0F0-0BEFF1C5CEE3}"
EndProject
Project("{9A19103F-16F7-4668-BE54-9A1E7A4F7556}") = "Zadanie3", "Zadanie3\Zadanie3.csproj", "{C1ED1FE7-D07E-4D41-AB53-7ED0F031E8EC}"
EndProject
Project("{9A19103F-16F7-4668-BE54-9A1E7A4F7556}") = "Lab4", "Lab4\Lab4.csproj", "{53CC60CA-6512-4445-BB44-61D10F03C5E1}"
EndProject
Project("{9A19103F-16F7-4668-BE54-9A1E7A4F7556}") = "Cwiczenia4", "Cwiczenia4\Cwiczenia4.csproj", "{EE47C12A-9885-4706-A9FF-02438EAD87A1}"
EndProject
Project("{9A19103F-16F7-4668-BE54-9A1E7A4F7556}") = "Lab5", "Lab5\Lab5.csproj", "{7D5BA8A9-3C8A-4850-87E6-36888DA2EF70}"
EndProject
Project("{9A19103F-16F7-4668-BE54-9A1E7A4F7556}") = "cwiczenie5", "cwiczenie5\cwiczenie5.csproj", "{EE290A70-3B0F-4D4A-907B-E4814DEA49E0}"
EndProject
Project("{9A19103F-16F7-4668-BE54-9A1E7A4F7556}") = "Lab6", "Lab6\Lab6.csproj", "{1626A8A7-90FB-4D2F-8912-237A4CCC0AF5}"
EndProject
Project("{9A19103F-16F7-4668-BE54-9A1E7A4F7556}") = "Lab7", "Lab7\Lab7.csproj", "{5B55FFAC-197F-4D41-9291-4036DBD47229}"
EndProject
Project("{9A19103F-16F7-4668-BE54-9A1E7A4F7556}") = "zadanie7", "zadanie7\zadanie7.csproj", "{193DD382-4216-4B03-8D0D-11DDB949B034}"
EndProject
Project("{9A19103F-16F7-4668-BE54-9A1E7A4F7556}") = "Lab8", "Lab8\Lab8.csproj", "{3B526815-4666-4239-B736-FEB8E290E334}"
EndProject
Project("{9A19103F-16F7-4668-BE54-9A1E7A4F7556}") = "lab9", "lab9\lab9.csproj", "{72AD1E9B-F96B-4D8F-BF7F-CA5C9579E41C}"
EndProject
Project("{9A19103F-16F7-4668-BE54-9A1E7A4F7556}") = "testament", "testament\testament.csproj", "{F13868C0-1761-4CA1-8625-8DBF0D382A7B}"
EndProject
Project("{9A19103F-16F7-4668-BE54-9A1E7A4F7556}") = "testament2", "testament2\testament2.csproj", "{BE5F8CE9-CDF4-442B-ADB7-C0087AE16EF7}"
EndProject
Project("{9A19103F-16F7-4668-BE54-9A1E7A4F7556}") = "Lab10", "Lab10\Lab10.csproj", "{0E8B00B5-02CD-420E-8D6C-340B3D567C8C}"
EndProject
Project("{9A19103F-16F7-4668-BE54-9A1E7A4F7556}") = "App_1", "Project\App_1.csproj", "{636CD27E-BC78-4447-BE35-AF5CDD80DFDB}"
EndProject
Project("{9A19103F-16F7-4668-BE54-9A1E7A4F7556}") = "ConsoleApp1", "ConsoleApp1\ConsoleApp1.csproj", "{0BA32E06-7D40-49F2-9DEB-D6A71110E311}"
EndProject
Project("{FAE04EC0-301F-11D3-BF4B-00C04F79EFBC}") = "ProjectWPF", "ProjectWPF\ProjectWPF.csproj", "{D6E40FEC-9BC9-4410-B893-E71585143965}"
EndProject
Global
	GlobalSection(SolutionConfigurationPlatforms) = preSolution
		Debug|Any CPU = Debug|Any CPU
		Release|Any CPU = Release|Any CPU
	EndGlobalSection
	GlobalSection(ProjectConfigurationPlatforms) = postSolution
		{9EAAFA3A-FF7A-4B1D-97B1-DD9802C7521A}.Debug|Any CPU.ActiveCfg = Debug|Any CPU
		{9EAAFA3A-FF7A-4B1D-97B1-DD9802C7521A}.Debug|Any CPU.Build.0 = Debug|Any CPU
		{9EAAFA3A-FF7A-4B1D-97B1-DD9802C7521A}.Release|Any CPU.ActiveCfg = Release|Any CPU
		{9EAAFA3A-FF7A-4B1D-97B1-DD9802C7521A}.Release|Any CPU.Build.0 = Release|Any CPU
		{4CF2D61C-1686-44C0-953C-87BF370DC6AA}.Debug|Any CPU.ActiveCfg = Debug|Any CPU
		{4CF2D61C-1686-44C0-953C-87BF370DC6AA}.Debug|Any CPU.Build.0 = Debug|Any CPU
		{4CF2D61C-1686-44C0-953C-87BF370DC6AA}.Release|Any CPU.ActiveCfg = Release|Any CPU
		{4CF2D61C-1686-44C0-953C-87BF370DC6AA}.Release|Any CPU.Build.0 = Release|Any CPU
		{04412F8B-C234-4EC5-A0F0-0BEFF1C5CEE3}.Debug|Any CPU.ActiveCfg = Debug|Any CPU
		{04412F8B-C234-4EC5-A0F0-0BEFF1C5CEE3}.Debug|Any CPU.Build.0 = Debug|Any CPU
		{04412F8B-C234-4EC5-A0F0-0BEFF1C5CEE3}.Release|Any CPU.ActiveCfg = Release|Any CPU
		{04412F8B-C234-4EC5-A0F0-0BEFF1C5CEE3}.Release|Any CPU.Build.0 = Release|Any CPU
		{C1ED1FE7-D07E-4D41-AB53-7ED0F031E8EC}.Debug|Any CPU.ActiveCfg = Debug|Any CPU
		{C1ED1FE7-D07E-4D41-AB53-7ED0F031E8EC}.Debug|Any CPU.Build.0 = Debug|Any CPU
		{C1ED1FE7-D07E-4D41-AB53-7ED0F031E8EC}.Release|Any CPU.ActiveCfg = Release|Any CPU
		{C1ED1FE7-D07E-4D41-AB53-7ED0F031E8EC}.Release|Any CPU.Build.0 = Release|Any CPU
		{53CC60CA-6512-4445-BB44-61D10F03C5E1}.Debug|Any CPU.ActiveCfg = Debug|Any CPU
		{53CC60CA-6512-4445-BB44-61D10F03C5E1}.Debug|Any CPU.Build.0 = Debug|Any CPU
		{53CC60CA-6512-4445-BB44-61D10F03C5E1}.Release|Any CPU.ActiveCfg = Release|Any CPU
		{53CC60CA-6512-4445-BB44-61D10F03C5E1}.Release|Any CPU.Build.0 = Release|Any CPU
		{EE47C12A-9885-4706-A9FF-02438EAD87A1}.Debug|Any CPU.ActiveCfg = Debug|Any CPU
		{EE47C12A-9885-4706-A9FF-02438EAD87A1}.Debug|Any CPU.Build.0 = Debug|Any CPU
		{EE47C12A-9885-4706-A9FF-02438EAD87A1}.Release|Any CPU.ActiveCfg = Release|Any CPU
		{EE47C12A-9885-4706-A9FF-02438EAD87A1}.Release|Any CPU.Build.0 = Release|Any CPU
		{7D5BA8A9-3C8A-4850-87E6-36888DA2EF70}.Debug|Any CPU.ActiveCfg = Debug|Any CPU
		{7D5BA8A9-3C8A-4850-87E6-36888DA2EF70}.Debug|Any CPU.Build.0 = Debug|Any CPU
		{7D5BA8A9-3C8A-4850-87E6-36888DA2EF70}.Release|Any CPU.ActiveCfg = Release|Any CPU
		{7D5BA8A9-3C8A-4850-87E6-36888DA2EF70}.Release|Any CPU.Build.0 = Release|Any CPU
		{EE290A70-3B0F-4D4A-907B-E4814DEA49E0}.Debug|Any CPU.ActiveCfg = Debug|Any CPU
		{EE290A70-3B0F-4D4A-907B-E4814DEA49E0}.Debug|Any CPU.Build.0 = Debug|Any CPU
		{EE290A70-3B0F-4D4A-907B-E4814DEA49E0}.Release|Any CPU.ActiveCfg = Release|Any CPU
		{EE290A70-3B0F-4D4A-907B-E4814DEA49E0}.Release|Any CPU.Build.0 = Release|Any CPU
		{1626A8A7-90FB-4D2F-8912-237A4CCC0AF5}.Debug|Any CPU.ActiveCfg = Debug|Any CPU
		{1626A8A7-90FB-4D2F-8912-237A4CCC0AF5}.Debug|Any CPU.Build.0 = Debug|Any CPU
		{1626A8A7-90FB-4D2F-8912-237A4CCC0AF5}.Release|Any CPU.ActiveCfg = Release|Any CPU
		{1626A8A7-90FB-4D2F-8912-237A4CCC0AF5}.Release|Any CPU.Build.0 = Release|Any CPU
		{5B55FFAC-197F-4D41-9291-4036DBD47229}.Debug|Any CPU.ActiveCfg = Debug|Any CPU
		{5B55FFAC-197F-4D41-9291-4036DBD47229}.Debug|Any CPU.Build.0 = Debug|Any CPU
		{5B55FFAC-197F-4D41-9291-4036DBD47229}.Release|Any CPU.ActiveCfg = Release|Any CPU
		{5B55FFAC-197F-4D41-9291-4036DBD47229}.Release|Any CPU.Build.0 = Release|Any CPU
		{193DD382-4216-4B03-8D0D-11DDB949B034}.Debug|Any CPU.ActiveCfg = Debug|Any CPU
		{193DD382-4216-4B03-8D0D-11DDB949B034}.Debug|Any CPU.Build.0 = Debug|Any CPU
		{193DD382-4216-4B03-8D0D-11DDB949B034}.Release|Any CPU.ActiveCfg = Release|Any CPU
		{193DD382-4216-4B03-8D0D-11DDB949B034}.Release|Any CPU.Build.0 = Release|Any CPU
		{3B526815-4666-4239-B736-FEB8E290E334}.Debug|Any CPU.ActiveCfg = Debug|Any CPU
		{3B526815-4666-4239-B736-FEB8E290E334}.Debug|Any CPU.Build.0 = Debug|Any CPU
		{3B526815-4666-4239-B736-FEB8E290E334}.Release|Any CPU.ActiveCfg = Release|Any CPU
		{3B526815-4666-4239-B736-FEB8E290E334}.Release|Any CPU.Build.0 = Release|Any CPU
		{72AD1E9B-F96B-4D8F-BF7F-CA5C9579E41C}.Debug|Any CPU.ActiveCfg = Debug|Any CPU
		{72AD1E9B-F96B-4D8F-BF7F-CA5C9579E41C}.Debug|Any CPU.Build.0 = Debug|Any CPU
		{72AD1E9B-F96B-4D8F-BF7F-CA5C9579E41C}.Release|Any CPU.ActiveCfg = Release|Any CPU
		{72AD1E9B-F96B-4D8F-BF7F-CA5C9579E41C}.Release|Any CPU.Build.0 = Release|Any CPU
		{F13868C0-1761-4CA1-8625-8DBF0D382A7B}.Debug|Any CPU.ActiveCfg = Debug|Any CPU
		{F13868C0-1761-4CA1-8625-8DBF0D382A7B}.Debug|Any CPU.Build.0 = Debug|Any CPU
		{F13868C0-1761-4CA1-8625-8DBF0D382A7B}.Release|Any CPU.ActiveCfg = Release|Any CPU
		{F13868C0-1761-4CA1-8625-8DBF0D382A7B}.Release|Any CPU.Build.0 = Release|Any CPU
		{BE5F8CE9-CDF4-442B-ADB7-C0087AE16EF7}.Debug|Any CPU.ActiveCfg = Debug|Any CPU
		{BE5F8CE9-CDF4-442B-ADB7-C0087AE16EF7}.Debug|Any CPU.Build.0 = Debug|Any CPU
		{BE5F8CE9-CDF4-442B-ADB7-C0087AE16EF7}.Release|Any CPU.ActiveCfg = Release|Any CPU
		{BE5F8CE9-CDF4-442B-ADB7-C0087AE16EF7}.Release|Any CPU.Build.0 = Release|Any CPU
		{0E8B00B5-02CD-420E-8D6C-340B3D567C8C}.Debug|Any CPU.ActiveCfg = Debug|Any CPU
		{0E8B00B5-02CD-420E-8D6C-340B3D567C8C}.Debug|Any CPU.Build.0 = Debug|Any CPU
		{0E8B00B5-02CD-420E-8D6C-340B3D567C8C}.Release|Any CPU.ActiveCfg = Release|Any CPU
		{0E8B00B5-02CD-420E-8D6C-340B3D567C8C}.Release|Any CPU.Build.0 = Release|Any CPU
		{636CD27E-BC78-4447-BE35-AF5CDD80DFDB}.Debug|Any CPU.ActiveCfg = Debug|Any CPU
		{636CD27E-BC78-4447-BE35-AF5CDD80DFDB}.Debug|Any CPU.Build.0 = Debug|Any CPU
		{636CD27E-BC78-4447-BE35-AF5CDD80DFDB}.Release|Any CPU.ActiveCfg = Release|Any CPU
		{636CD27E-BC78-4447-BE35-AF5CDD80DFDB}.Release|Any CPU.Build.0 = Release|Any CPU
		{0BA32E06-7D40-49F2-9DEB-D6A71110E311}.Debug|Any CPU.ActiveCfg = Debug|Any CPU
		{0BA32E06-7D40-49F2-9DEB-D6A71110E311}.Debug|Any CPU.Build.0 = Debug|Any CPU
		{0BA32E06-7D40-49F2-9DEB-D6A71110E311}.Release|Any CPU.ActiveCfg = Release|Any CPU
		{0BA32E06-7D40-49F2-9DEB-D6A71110E311}.Release|Any CPU.Build.0 = Release|Any CPU
		{D6E40FEC-9BC9-4410-B893-E71585143965}.Debug|Any CPU.ActiveCfg = Debug|Any CPU
		{D6E40FEC-9BC9-4410-B893-E71585143965}.Debug|Any CPU.Build.0 = Debug|Any CPU
		{D6E40FEC-9BC9-4410-B893-E71585143965}.Release|Any CPU.ActiveCfg = Release|Any CPU
		{D6E40FEC-9BC9-4410-B893-E71585143965}.Release|Any CPU.Build.0 = Release|Any CPU
	EndGlobalSection
	GlobalSection(SolutionProperties) = preSolution
		HideSolutionNode = FALSE
	EndGlobalSection
	GlobalSection(ExtensibilityGlobals) = postSolution
		SolutionGuid = {9AFC2E1A-0EAD-4861-B67E-F175B6C1B671}
	EndGlobalSection
EndGlobal
