
Microsoft Visual Studio Solution File, Format Version 12.00
# Visual Studio Version 17
VisualStudioVersion = 17.1.32228.430
MinimumVisualStudioVersion = 10.0.40219.1
Project("{9A19103F-16F7-4668-BE54-9A1E7A4F7556}") = "Lab1", "ProgramowanieObiektowe\Lab1.csproj", "{9EAAFA3A-FF7A-4B1D-97B1-DD9802C7521A}"
EndProject
Project("{9A19103F-16F7-4668-BE54-9A1E7A4F7556}") = "Lab2", "Lab2\Lab2.csproj", "{4CF2D61C-1686-44C0-953C-87BF370DC6AA}"
EndProject
Project("{9A19103F-16F7-4668-BE54-9A1E7A4F7556}") = "Lab3", "Lab3\Lab3.csproj", "{04412F8B-C234-4EC5-A0F0-0BEFF1C5CEE3}"
EndProject
Project("{9A19103F-16F7-4668-BE54-9A1E7A4F7556}") = "Zadanie3", "Zadanie3\Zadanie3.csproj", "{C1ED1FE7-D07E-4D41-AB53-7ED0F031E8EC}"
EndProject
Project("{FAE04EC0-301F-11D3-BF4B-00C04F79EFBC}") = "Lab4", "Lab4\Lab4.csproj", "{53CC60CA-6512-4445-BB44-61D10F03C5E1}"
EndProject
Project("{FAE04EC0-301F-11D3-BF4B-00C04F79EFBC}") = "Cwiczenia4", "Cwiczenia4\Cwiczenia4.csproj", "{EE47C12A-9885-4706-A9FF-02438EAD87A1}"
EndProject
Global
	GlobalSection(SolutionConfigurationPlatforms) = preSolution
		Debug|Any CPU = Debug|Any CPU
		Release|Any CPU = Release|Any CPU
	EndGlobalSection
	GlobalSection(ProjectConfigurationPlatforms) = postSolution
		{9EAAFA3A-FF7A-4B1D-97B1-DD9802C7521A}.Debug|Any CPU.ActiveCfg = Debug|Any CPU
		{9EAAFA3A-FF7A-4B1D-97B1-DD9802C7521A}.Debug|Any CPU.Build.0 = Debug|Any CPU
		{9EAAFA3A-FF7A-4B1D-97B1-DD9802C7521A}.Release|Any CPU.ActiveCfg = Release|Any CPU
		{9EAAFA3A-FF7A-4B1D-97B1-DD9802C7521A}.Release|Any CPU.Build.0 = Release|Any CPU
		{4CF2D61C-1686-44C0-953C-87BF370DC6AA}.Debug|Any CPU.ActiveCfg = Debug|Any CPU
		{4CF2D61C-1686-44C0-953C-87BF370DC6AA}.Debug|Any CPU.Build.0 = Debug|Any CPU
		{4CF2D61C-1686-44C0-953C-87BF370DC6AA}.Release|Any CPU.ActiveCfg = Release|Any CPU
		{4CF2D61C-1686-44C0-953C-87BF370DC6AA}.Release|Any CPU.Build.0 = Release|Any CPU
		{04412F8B-C234-4EC5-A0F0-0BEFF1C5CEE3}.Debug|Any CPU.ActiveCfg = Debug|Any CPU
		{04412F8B-C234-4EC5-A0F0-0BEFF1C5CEE3}.Debug|Any CPU.Build.0 = Debug|Any CPU
		{04412F8B-C234-4EC5-A0F0-0BEFF1C5CEE3}.Release|Any CPU.ActiveCfg = Release|Any CPU
		{04412F8B-C234-4EC5-A0F0-0BEFF1C5CEE3}.Release|Any CPU.Build.0 = Release|Any CPU
		{C1ED1FE7-D07E-4D41-AB53-7ED0F031E8EC}.Debug|Any CPU.ActiveCfg = Debug|Any CPU
		{C1ED1FE7-D07E-4D41-AB53-7ED0F031E8EC}.Debug|Any CPU.Build.0 = Debug|Any CPU
		{C1ED1FE7-D07E-4D41-AB53-7ED0F031E8EC}.Release|Any CPU.ActiveCfg = Release|Any CPU
		{C1ED1FE7-D07E-4D41-AB53-7ED0F031E8EC}.Release|Any CPU.Build.0 = Release|Any CPU
		{53CC60CA-6512-4445-BB44-61D10F03C5E1}.Debug|Any CPU.ActiveCfg = Debug|Any CPU
		{53CC60CA-6512-4445-BB44-61D10F03C5E1}.Debug|Any CPU.Build.0 = Debug|Any CPU
		{53CC60CA-6512-4445-BB44-61D10F03C5E1}.Release|Any CPU.ActiveCfg = Release|Any CPU
		{53CC60CA-6512-4445-BB44-61D10F03C5E1}.Release|Any CPU.Build.0 = Release|Any CPU
		{EE47C12A-9885-4706-A9FF-02438EAD87A1}.Debug|Any CPU.ActiveCfg = Debug|Any CPU
		{EE47C12A-9885-4706-A9FF-02438EAD87A1}.Debug|Any CPU.Build.0 = Debug|Any CPU
		{EE47C12A-9885-4706-A9FF-02438EAD87A1}.Release|Any CPU.ActiveCfg = Release|Any CPU
		{EE47C12A-9885-4706-A9FF-02438EAD87A1}.Release|Any CPU.Build.0 = Release|Any CPU
	EndGlobalSection
	GlobalSection(SolutionProperties) = preSolution
		HideSolutionNode = FALSE
	EndGlobalSection
	GlobalSection(ExtensibilityGlobals) = postSolution
		SolutionGuid = {9AFC2E1A-0EAD-4861-B67E-F175B6C1B671}
	EndGlobalSection
EndGlobal
